
Microsoft Visual Studio Solution File, Format Version 12.00
# Visual Studio 2013
VisualStudioVersion = 12.0.21005.1
MinimumVisualStudioVersion = 10.0.40219.1
Project("{FAE04EC0-301F-11D3-BF4B-00C04F79EFBC}") = "Social_Network.WEB", "Social_Network.WEB\Social_Network.WEB.csproj", "{FE484D71-C93C-419A-8635-1F18BDC0F1D3}"
EndProject
Project("{FAE04EC0-301F-11D3-BF4B-00C04F79EFBC}") = "Social_Network.DAL", "Social_Network.DAL\Social_Network.DAL.csproj", "{436D1159-EA91-456C-8FD4-554064513BCD}"
EndProject
Project("{FAE04EC0-301F-11D3-BF4B-00C04F79EFBC}") = "Social_Network.BLL", "Social_Network.BLL\Social_Network.BLL.csproj", "{6E1A38C5-19A5-4C16-BB72-8A47FD2EFDB4}"
EndProject
Project("{FAE04EC0-301F-11D3-BF4B-00C04F79EFBC}") = "Social_Network.Tests", "Social_Network.Tests\Social_Network.Tests.csproj", "{AA42AA39-ADDB-4FD4-A14A-C46380708338}"
EndProject
Global
	GlobalSection(SolutionConfigurationPlatforms) = preSolution
		Debug|Any CPU = Debug|Any CPU
		Release|Any CPU = Release|Any CPU
	EndGlobalSection
	GlobalSection(ProjectConfigurationPlatforms) = postSolution
		{FE484D71-C93C-419A-8635-1F18BDC0F1D3}.Debug|Any CPU.ActiveCfg = Debug|Any CPU
		{FE484D71-C93C-419A-8635-1F18BDC0F1D3}.Debug|Any CPU.Build.0 = Debug|Any CPU
		{FE484D71-C93C-419A-8635-1F18BDC0F1D3}.Release|Any CPU.ActiveCfg = Release|Any CPU
		{FE484D71-C93C-419A-8635-1F18BDC0F1D3}.Release|Any CPU.Build.0 = Release|Any CPU
		{436D1159-EA91-456C-8FD4-554064513BCD}.Debug|Any CPU.ActiveCfg = Debug|Any CPU
		{436D1159-EA91-456C-8FD4-554064513BCD}.Debug|Any CPU.Build.0 = Debug|Any CPU
		{436D1159-EA91-456C-8FD4-554064513BCD}.Release|Any CPU.ActiveCfg = Release|Any CPU
		{436D1159-EA91-456C-8FD4-554064513BCD}.Release|Any CPU.Build.0 = Release|Any CPU
		{6E1A38C5-19A5-4C16-BB72-8A47FD2EFDB4}.Debug|Any CPU.ActiveCfg = Debug|Any CPU
		{6E1A38C5-19A5-4C16-BB72-8A47FD2EFDB4}.Debug|Any CPU.Build.0 = Debug|Any CPU
		{6E1A38C5-19A5-4C16-BB72-8A47FD2EFDB4}.Release|Any CPU.ActiveCfg = Release|Any CPU
		{6E1A38C5-19A5-4C16-BB72-8A47FD2EFDB4}.Release|Any CPU.Build.0 = Release|Any CPU
		{AA42AA39-ADDB-4FD4-A14A-C46380708338}.Debug|Any CPU.ActiveCfg = Debug|Any CPU
		{AA42AA39-ADDB-4FD4-A14A-C46380708338}.Debug|Any CPU.Build.0 = Debug|Any CPU
		{AA42AA39-ADDB-4FD4-A14A-C46380708338}.Release|Any CPU.ActiveCfg = Release|Any CPU
		{AA42AA39-ADDB-4FD4-A14A-C46380708338}.Release|Any CPU.Build.0 = Release|Any CPU
	EndGlobalSection
	GlobalSection(SolutionProperties) = preSolution
		HideSolutionNode = FALSE
	EndGlobalSection
EndGlobal
